
Microsoft Visual Studio Solution File, Format Version 12.00
# Visual Studio Version 17
VisualStudioVersion = 17.5.002.0
MinimumVisualStudioVersion = 10.0.40219.1
Project("{9A19103F-16F7-4668-BE54-9A1E7A4F7556}") = "OptionMonad", "OptionMonad.csproj", "{21BEDA74-3316-4924-B412-53A175961918}"
EndProject
Project("{FAE04EC0-301F-11D3-BF4B-00C04F79EFBC}") = "WriterMonad", "WriterMonad.csproj", "{F7CEDE1E-BF99-48C3-8207-FCFB797FEFB0}"
EndProject
Global
	GlobalSection(SolutionConfigurationPlatforms) = preSolution
		Debug|Any CPU = Debug|Any CPU
		Release|Any CPU = Release|Any CPU
	EndGlobalSection
	GlobalSection(ProjectConfigurationPlatforms) = postSolution
		{21BEDA74-3316-4924-B412-53A175961918}.Debug|Any CPU.ActiveCfg = Debug|Any CPU
		{21BEDA74-3316-4924-B412-53A175961918}.Debug|Any CPU.Build.0 = Debug|Any CPU
		{21BEDA74-3316-4924-B412-53A175961918}.Release|Any CPU.ActiveCfg = Release|Any CPU
		{21BEDA74-3316-4924-B412-53A175961918}.Release|Any CPU.Build.0 = Release|Any CPU
		{F7CEDE1E-BF99-48C3-8207-FCFB797FEFB0}.Debug|Any CPU.ActiveCfg = Debug|Any CPU
		{F7CEDE1E-BF99-48C3-8207-FCFB797FEFB0}.Debug|Any CPU.Build.0 = Debug|Any CPU
		{F7CEDE1E-BF99-48C3-8207-FCFB797FEFB0}.Release|Any CPU.ActiveCfg = Release|Any CPU
		{F7CEDE1E-BF99-48C3-8207-FCFB797FEFB0}.Release|Any CPU.Build.0 = Release|Any CPU
	EndGlobalSection
	GlobalSection(SolutionProperties) = preSolution
		HideSolutionNode = FALSE
	EndGlobalSection
	GlobalSection(ExtensibilityGlobals) = postSolution
		SolutionGuid = {094E62E7-F2BD-40E8-ABF9-CDF21052DFA3}
	EndGlobalSection
EndGlobal
